
Microsoft Visual Studio Solution File, Format Version 12.00
# Visual Studio Version 17
VisualStudioVersion = 17.7.34221.43
MinimumVisualStudioVersion = 10.0.40219.1
Project("{FAE04EC0-301F-11D3-BF4B-00C04F79EFBC}") = "BookShoppingCartMvcUI", "BookShoppingCartMvcUI\BookShoppingCartMvcUI.csproj", "{A977E01E-5C2C-4C09-905C-FC84846FC332}"
EndProject
Global
	GlobalSection(SolutionConfigurationPlatforms) = preSolution
		Debug|Any CPU = Debug|Any CPU
		Release|Any CPU = Release|Any CPU
	EndGlobalSection
	GlobalSection(ProjectConfigurationPlatforms) = postSolution
		{A977E01E-5C2C-4C09-905C-FC84846FC332}.Debug|Any CPU.ActiveCfg = Debug|Any CPU
		{A977E01E-5C2C-4C09-905C-FC84846FC332}.Debug|Any CPU.Build.0 = Debug|Any CPU
		{A977E01E-5C2C-4C09-905C-FC84846FC332}.Release|Any CPU.ActiveCfg = Release|Any CPU
		{A977E01E-5C2C-4C09-905C-FC84846FC332}.Release|Any CPU.Build.0 = Release|Any CPU
	EndGlobalSection
	GlobalSection(SolutionProperties) = preSolution
		HideSolutionNode = FALSE
	EndGlobalSection
	GlobalSection(ExtensibilityGlobals) = postSolution
		SolutionGuid = {068AA832-F9E5-4AB6-AB87-F5CE8FF8DD54}
	EndGlobalSection
EndGlobal
